
Microsoft Visual Studio Solution File, Format Version 12.00
# Visual Studio Version 17
VisualStudioVersion = 17.9.34622.214
MinimumVisualStudioVersion = 10.0.40219.1
Project("{FAE04EC0-301F-11D3-BF4B-00C04F79EFBC}") = "BoxHitsBOIII-WPF", "BoxHitsBOIII-WPF.csproj", "{48F88D10-F3E5-4A18-ABB8-F06BAB0D4548}"
EndProject
Global
	GlobalSection(SolutionConfigurationPlatforms) = preSolution
		Debug|Any CPU = Debug|Any CPU
		Release|Any CPU = Release|Any CPU
	EndGlobalSection
	GlobalSection(ProjectConfigurationPlatforms) = postSolution
		{48F88D10-F3E5-4A18-ABB8-F06BAB0D4548}.Debug|Any CPU.ActiveCfg = Debug|Any CPU
		{48F88D10-F3E5-4A18-ABB8-F06BAB0D4548}.Debug|Any CPU.Build.0 = Debug|Any CPU
		{48F88D10-F3E5-4A18-ABB8-F06BAB0D4548}.Release|Any CPU.ActiveCfg = Release|Any CPU
		{48F88D10-F3E5-4A18-ABB8-F06BAB0D4548}.Release|Any CPU.Build.0 = Release|Any CPU
	EndGlobalSection
	GlobalSection(SolutionProperties) = preSolution
		HideSolutionNode = FALSE
	EndGlobalSection
	GlobalSection(ExtensibilityGlobals) = postSolution
		SolutionGuid = {76DC45D3-5AD6-4AD4-B76C-95079BF9A577}
	EndGlobalSection
EndGlobal
